github.com/anvithks/hugo-embed-pdf-shortcode v0.0.0-20230320040603-de797b1a64f9 h1:CQ+ocmfKAgDmA58hTDNOUHM5zPNhWkHvixuc3SH8oYw=
github.com/anvithks/hugo-embed-pdf-shortcode v0.0.0-20230320040603-de797b1a64f9/go.mod h1:GH5n45krznO4ECrqAt45nsj1giB4yuZgTJEmioYeuT8=
github.com/imfing/hextra v0.8.0 h1:bG2GavmsMAgRRCrm+N4c+m6mBm9KYrgGH0mgaJpIXjM=
github.com/imfing/hextra v0.8.0/go.mod h1:cEfel3lU/bSx7lTE/+uuR4GJaphyOyiwNR3PTqFTXpI=
github.com/martignoni/hugo-notice v0.0.0-20240524142214-36e5ee342fef h1:usUOTC/Tia7tnLy46EqakzYFDQVj1JjuDud00Cn/3y8=
github.com/martignoni/hugo-notice v0.0.0-20240524142214-36e5ee342fef/go.mod h1:MIQPOMgEcbyRC0gNLzQFSgrS+wIy3RuQ/HbaZYtTOKU=
